<?xml version="1.0" encoding="utf-8"?>
<Project ToolsVersion="4.0" xmlns="http://schemas.microsoft.com/developer/msbuild/2003">
  <ItemGroup>
    <Filter Include="Source Files">
      <UniqueIdentifier>{4FC737F1-C7A5-4376-A066-2A32D752A2FF}</UniqueIdentifier>
      <Extensions>cpp;c;cc;cxx;def;odl;idl;hpj;bat;asm;asmx</Extensions>
    </Filter>
    <Filter Include="Header Files">
      <UniqueIdentifier>{93995380-89BD-4b04-88EB-625FBE52EBFB}</UniqueIdentifier>
      <Extensions>h;hh;hpp;hxx;hm;inl;inc;xsd</Extensions>
    </Filter>
    <Filter Include="Resource Files">
      <UniqueIdentifier>{67DA6AB6-F800-4c08-8B7A-83BB121AAD01}</UniqueIdentifier>
      <Extensions>rc;ico;cur;bmp;dlg;rc2;rct;bin;rgs;gif;jpg;jpeg;jpe;resx;tiff;tif;png;wav;mfcribbon-ms</Extensions>
    </Filter>
  </ItemGroup>
  <ItemGroup>
    <ClCompile Include="System\Main.cpp">
      <Filter>Source Files</Filter>
    </ClCompile>
    <ClCompile Include="System\System.cpp">
      <Filter>Source Files</Filter>
    </ClCompile>
    <ClCompile Include="Game\Items\Turrets\Turret.cpp">
      <Filter>Source Files</Filter>
    </ClCompile>
    <ClCompile Include="Game\Items\Turrets\TurretType.cpp">
      <Filter>Source Files</Filter>
    </ClCompile>
    <ClCompile Include="Game\Items\Turrets\TurretGroup.cpp">
      <Filter>Source Files</Filter>
    </ClCompile>
    <ClCompile Include="Game\Items\Turrets\TurretAdapter.cpp">
      <Filter>Source Files</Filter>
    </ClCompile>
    <ClCompile Include="Game\Ships\Ship.cpp">
      <Filter>Source Files</Filter>
    </ClCompile>
    <ClCompile Include="Game\Ships\ShipBuilder.cpp">
      <Filter>Source Files</Filter>
    </ClCompile>
    <ClCompile Include="System\Core\Interface\Menu\Menu.cpp">
      <Filter>Source Files</Filter>
    </ClCompile>
    <ClCompile Include="Game\Ships\ShipSystems\PowerSystem.cpp">
      <Filter>Source Files</Filter>
    </ClCompile>
    <ClCompile Include="Game\Ships\ShipSystems\CrewSystem.cpp">
      <Filter>Source Files</Filter>
    </ClCompile>
    <ClCompile Include="Game\Ships\ShipSystems\TurretSystem.cpp">
      <Filter>Source Files</Filter>
    </ClCompile>
    <ClCompile Include="Game\Ships\ShipTypes\Cruisers\Cruiser.cpp">
      <Filter>Source Files</Filter>
    </ClCompile>
    <ClCompile Include="Game\Ships\ShipTypes\Destroyers\Destroyer.cpp">
      <Filter>Source Files</Filter>
    </ClCompile>
    <ClCompile Include="Game\Ships\ShipTypes\Flagships\Dreadnaught.cpp">
      <Filter>Source Files</Filter>
    </ClCompile>
    <ClCompile Include="Game\Ships\ShipTypes\Frigates\Frigate.cpp">
      <Filter>Source Files</Filter>
    </ClCompile>
    <ClCompile Include="System\Core\Game.cpp">
      <Filter>Source Files</Filter>
    </ClCompile>
    <ClCompile Include="Game\Ships\EnemyFactory.cpp">
      <Filter>Source Files</Filter>
    </ClCompile>
  </ItemGroup>
  <ItemGroup>
    <ClInclude Include="System\Main.h">
      <Filter>Header Files</Filter>
    </ClInclude>
    <ClInclude Include="System\System.h">
      <Filter>Header Files</Filter>
    </ClInclude>
    <ClInclude Include="Game\Items\Turrets\Turret.h">
      <Filter>Header Files</Filter>
    </ClInclude>
    <ClInclude Include="Game\Items\Turrets\TurretType.h">
      <Filter>Header Files</Filter>
    </ClInclude>
    <ClInclude Include="Game\Items\Turrets\TurretGroup.h">
      <Filter>Header Files</Filter>
    </ClInclude>
    <ClInclude Include="Game\Items\Turrets\TurretAdapter.h">
      <Filter>Header Files</Filter>
    </ClInclude>
    <ClInclude Include="Game\Ships\Ship.h">
      <Filter>Header Files</Filter>
    </ClInclude>
    <ClInclude Include="Game\Ships\ShipBuilder.h">
      <Filter>Header Files</Filter>
    </ClInclude>
    <ClInclude Include="System\Core\Interface\Menu\Menu.h">
      <Filter>Header Files</Filter>
    </ClInclude>
    <ClInclude Include="Game\Ships\ShipSystems\PowerSystem.h">
      <Filter>Header Files</Filter>
    </ClInclude>
    <ClInclude Include="Game\Ships\ShipSystems\CrewSystem.h">
      <Filter>Header Files</Filter>
    </ClInclude>
    <ClInclude Include="Game\Ships\ShipSystems\TurretSystem.h">
      <Filter>Header Files</Filter>
    </ClInclude>
    <ClInclude Include="Game\Ships\ShipTypes\Cruisers\Cruiser.h">
      <Filter>Header Files</Filter>
    </ClInclude>
    <ClInclude Include="Game\Ships\ShipTypes\Destroyers\Destroyer.h">
      <Filter>Header Files</Filter>
    </ClInclude>
    <ClInclude Include="Game\Ships\ShipTypes\Flagships\Dreadnaught.h">
      <Filter>Header Files</Filter>
    </ClInclude>
    <ClInclude Include="Game\Ships\ShipTypes\Frigates\Frigate.h">
      <Filter>Header Files</Filter>
    </ClInclude>
    <ClInclude Include="Game\Ships\ShipBuilderIncludes.h">
      <Filter>Header Files</Filter>
    </ClInclude>
    <ClInclude Include="System\Mechanics\EnumTranslator.h">
      <Filter>Header Files</Filter>
    </ClInclude>
    <ClInclude Include="System\Core\Game.h">
      <Filter>Header Files</Filter>
    </ClInclude>
    <ClInclude Include="Game\Ships\EnemyFactory.h">
      <Filter>Header Files</Filter>
    </ClInclude>
  </ItemGroup>
</Project>